
Microsoft Visual Studio Solution File, Format Version 12.00
# Visual Studio Version 17
VisualStudioVersion = 17.6.33829.357
MinimumVisualStudioVersion = 10.0.40219.1
Project("{2150E333-8FDC-42A3-9474-1A3956D46DE8}") = "00-Doc", "00-Doc", "{1D01275B-0641-43FF-B253-340D5E5980E9}"
EndProject
Project("{2150E333-8FDC-42A3-9474-1A3956D46DE8}") = "10-Core", "10-Core", "{F6C887D9-C748-4B92-A715-0519644F5BC3}"
EndProject
Project("{2150E333-8FDC-42A3-9474-1A3956D46DE8}") = "90-Test", "90-Test", "{B0AA3C8A-F9E2-4742-9F86-F34D10136B49}"
EndProject
Project("{9A19103F-16F7-4668-BE54-9A1E7A4F7556}") = "Dance", "Dance\Dance.csproj", "{F117B245-A6D6-4DDD-BA1D-FB2762B83C7B}"
EndProject
Project("{9A19103F-16F7-4668-BE54-9A1E7A4F7556}") = "Dance.Maui", "Dance.Maui\Dance.Maui.csproj", "{7787E64A-0A45-431B-8D3E-74ABB231E301}"
EndProject
Project("{9A19103F-16F7-4668-BE54-9A1E7A4F7556}") = "Dance.Wpf", "Dance.Wpf\Dance.Wpf.csproj", "{37D78167-4A58-4785-80FC-900FA97684E0}"
EndProject
Project("{9A19103F-16F7-4668-BE54-9A1E7A4F7556}") = "Dance.UnitTest", "Dance.UnitTest\Dance.UnitTest.csproj", "{7C9038A3-1272-4FDA-956A-0658E4D56292}"
EndProject
Project("{9A19103F-16F7-4668-BE54-9A1E7A4F7556}") = "Dance.WpfTest", "Dance.WpfTest\Dance.WpfTest.csproj", "{6E53A1C7-8369-4A32-9998-A63C9CBFC43C}"
EndProject
Project("{9A19103F-16F7-4668-BE54-9A1E7A4F7556}") = "Dance.MauiTest", "Dance.MauiTest\Dance.MauiTest.csproj", "{8D8DFB26-1CF4-4AE0-9862-1A57ADC47F2F}"
EndProject
Project("{2150E333-8FDC-42A3-9474-1A3956D46DE8}") = "20-Common", "20-Common", "{137A41AF-650D-46F9-98CA-87696EF0AD96}"
EndProject
Global
	GlobalSection(SolutionConfigurationPlatforms) = preSolution
		Debug|Any CPU = Debug|Any CPU
		Debug|ARM = Debug|ARM
		Debug|ARM64 = Debug|ARM64
		Debug|x64 = Debug|x64
		Debug|x86 = Debug|x86
		Release|Any CPU = Release|Any CPU
		Release|ARM = Release|ARM
		Release|ARM64 = Release|ARM64
		Release|x64 = Release|x64
		Release|x86 = Release|x86
	EndGlobalSection
	GlobalSection(ProjectConfigurationPlatforms) = postSolution
		{F117B245-A6D6-4DDD-BA1D-FB2762B83C7B}.Debug|Any CPU.ActiveCfg = Debug|Any CPU
		{F117B245-A6D6-4DDD-BA1D-FB2762B83C7B}.Debug|Any CPU.Build.0 = Debug|Any CPU
		{F117B245-A6D6-4DDD-BA1D-FB2762B83C7B}.Debug|ARM.ActiveCfg = Debug|Any CPU
		{F117B245-A6D6-4DDD-BA1D-FB2762B83C7B}.Debug|ARM.Build.0 = Debug|Any CPU
		{F117B245-A6D6-4DDD-BA1D-FB2762B83C7B}.Debug|ARM64.ActiveCfg = Debug|Any CPU
		{F117B245-A6D6-4DDD-BA1D-FB2762B83C7B}.Debug|ARM64.Build.0 = Debug|Any CPU
		{F117B245-A6D6-4DDD-BA1D-FB2762B83C7B}.Debug|x64.ActiveCfg = Debug|Any CPU
		{F117B245-A6D6-4DDD-BA1D-FB2762B83C7B}.Debug|x64.Build.0 = Debug|Any CPU
		{F117B245-A6D6-4DDD-BA1D-FB2762B83C7B}.Debug|x86.ActiveCfg = Debug|Any CPU
		{F117B245-A6D6-4DDD-BA1D-FB2762B83C7B}.Debug|x86.Build.0 = Debug|Any CPU
		{F117B245-A6D6-4DDD-BA1D-FB2762B83C7B}.Release|Any CPU.ActiveCfg = Release|Any CPU
		{F117B245-A6D6-4DDD-BA1D-FB2762B83C7B}.Release|Any CPU.Build.0 = Release|Any CPU
		{F117B245-A6D6-4DDD-BA1D-FB2762B83C7B}.Release|ARM.ActiveCfg = Release|Any CPU
		{F117B245-A6D6-4DDD-BA1D-FB2762B83C7B}.Release|ARM.Build.0 = Release|Any CPU
		{F117B245-A6D6-4DDD-BA1D-FB2762B83C7B}.Release|ARM64.ActiveCfg = Release|Any CPU
		{F117B245-A6D6-4DDD-BA1D-FB2762B83C7B}.Release|ARM64.Build.0 = Release|Any CPU
		{F117B245-A6D6-4DDD-BA1D-FB2762B83C7B}.Release|x64.ActiveCfg = Release|Any CPU
		{F117B245-A6D6-4DDD-BA1D-FB2762B83C7B}.Release|x64.Build.0 = Release|Any CPU
		{F117B245-A6D6-4DDD-BA1D-FB2762B83C7B}.Release|x86.ActiveCfg = Release|Any CPU
		{F117B245-A6D6-4DDD-BA1D-FB2762B83C7B}.Release|x86.Build.0 = Release|Any CPU
		{7787E64A-0A45-431B-8D3E-74ABB231E301}.Debug|Any CPU.ActiveCfg = Debug|Any CPU
		{7787E64A-0A45-431B-8D3E-74ABB231E301}.Debug|Any CPU.Build.0 = Debug|Any CPU
		{7787E64A-0A45-431B-8D3E-74ABB231E301}.Debug|ARM.ActiveCfg = Debug|Any CPU
		{7787E64A-0A45-431B-8D3E-74ABB231E301}.Debug|ARM.Build.0 = Debug|Any CPU
		{7787E64A-0A45-431B-8D3E-74ABB231E301}.Debug|ARM64.ActiveCfg = Debug|Any CPU
		{7787E64A-0A45-431B-8D3E-74ABB231E301}.Debug|ARM64.Build.0 = Debug|Any CPU
		{7787E64A-0A45-431B-8D3E-74ABB231E301}.Debug|x64.ActiveCfg = Debug|Any CPU
		{7787E64A-0A45-431B-8D3E-74ABB231E301}.Debug|x64.Build.0 = Debug|Any CPU
		{7787E64A-0A45-431B-8D3E-74ABB231E301}.Debug|x86.ActiveCfg = Debug|Any CPU
		{7787E64A-0A45-431B-8D3E-74ABB231E301}.Debug|x86.Build.0 = Debug|Any CPU
		{7787E64A-0A45-431B-8D3E-74ABB231E301}.Release|Any CPU.ActiveCfg = Release|Any CPU
		{7787E64A-0A45-431B-8D3E-74ABB231E301}.Release|Any CPU.Build.0 = Release|Any CPU
		{7787E64A-0A45-431B-8D3E-74ABB231E301}.Release|ARM.ActiveCfg = Release|Any CPU
		{7787E64A-0A45-431B-8D3E-74ABB231E301}.Release|ARM.Build.0 = Release|Any CPU
		{7787E64A-0A45-431B-8D3E-74ABB231E301}.Release|ARM64.ActiveCfg = Release|Any CPU
		{7787E64A-0A45-431B-8D3E-74ABB231E301}.Release|ARM64.Build.0 = Release|Any CPU
		{7787E64A-0A45-431B-8D3E-74ABB231E301}.Release|x64.ActiveCfg = Release|Any CPU
		{7787E64A-0A45-431B-8D3E-74ABB231E301}.Release|x64.Build.0 = Release|Any CPU
		{7787E64A-0A45-431B-8D3E-74ABB231E301}.Release|x86.ActiveCfg = Release|Any CPU
		{7787E64A-0A45-431B-8D3E-74ABB231E301}.Release|x86.Build.0 = Release|Any CPU
		{37D78167-4A58-4785-80FC-900FA97684E0}.Debug|Any CPU.ActiveCfg = Debug|Any CPU
		{37D78167-4A58-4785-80FC-900FA97684E0}.Debug|Any CPU.Build.0 = Debug|Any CPU
		{37D78167-4A58-4785-80FC-900FA97684E0}.Debug|ARM.ActiveCfg = Debug|Any CPU
		{37D78167-4A58-4785-80FC-900FA97684E0}.Debug|ARM.Build.0 = Debug|Any CPU
		{37D78167-4A58-4785-80FC-900FA97684E0}.Debug|ARM64.ActiveCfg = Debug|Any CPU
		{37D78167-4A58-4785-80FC-900FA97684E0}.Debug|ARM64.Build.0 = Debug|Any CPU
		{37D78167-4A58-4785-80FC-900FA97684E0}.Debug|x64.ActiveCfg = Debug|Any CPU
		{37D78167-4A58-4785-80FC-900FA97684E0}.Debug|x64.Build.0 = Debug|Any CPU
		{37D78167-4A58-4785-80FC-900FA97684E0}.Debug|x86.ActiveCfg = Debug|Any CPU
		{37D78167-4A58-4785-80FC-900FA97684E0}.Debug|x86.Build.0 = Debug|Any CPU
		{37D78167-4A58-4785-80FC-900FA97684E0}.Release|Any CPU.ActiveCfg = Release|Any CPU
		{37D78167-4A58-4785-80FC-900FA97684E0}.Release|Any CPU.Build.0 = Release|Any CPU
		{37D78167-4A58-4785-80FC-900FA97684E0}.Release|ARM.ActiveCfg = Release|Any CPU
		{37D78167-4A58-4785-80FC-900FA97684E0}.Release|ARM.Build.0 = Release|Any CPU
		{37D78167-4A58-4785-80FC-900FA97684E0}.Release|ARM64.ActiveCfg = Release|Any CPU
		{37D78167-4A58-4785-80FC-900FA97684E0}.Release|ARM64.Build.0 = Release|Any CPU
		{37D78167-4A58-4785-80FC-900FA97684E0}.Release|x64.ActiveCfg = Release|Any CPU
		{37D78167-4A58-4785-80FC-900FA97684E0}.Release|x64.Build.0 = Release|Any CPU
		{37D78167-4A58-4785-80FC-900FA97684E0}.Release|x86.ActiveCfg = Release|Any CPU
		{37D78167-4A58-4785-80FC-900FA97684E0}.Release|x86.Build.0 = Release|Any CPU
		{7C9038A3-1272-4FDA-956A-0658E4D56292}.Debug|Any CPU.ActiveCfg = Debug|Any CPU
		{7C9038A3-1272-4FDA-956A-0658E4D56292}.Debug|Any CPU.Build.0 = Debug|Any CPU
		{7C9038A3-1272-4FDA-956A-0658E4D56292}.Debug|ARM.ActiveCfg = Debug|Any CPU
		{7C9038A3-1272-4FDA-956A-0658E4D56292}.Debug|ARM.Build.0 = Debug|Any CPU
		{7C9038A3-1272-4FDA-956A-0658E4D56292}.Debug|ARM64.ActiveCfg = Debug|Any CPU
		{7C9038A3-1272-4FDA-956A-0658E4D56292}.Debug|ARM64.Build.0 = Debug|Any CPU
		{7C9038A3-1272-4FDA-956A-0658E4D56292}.Debug|x64.ActiveCfg = Debug|Any CPU
		{7C9038A3-1272-4FDA-956A-0658E4D56292}.Debug|x64.Build.0 = Debug|Any CPU
		{7C9038A3-1272-4FDA-956A-0658E4D56292}.Debug|x86.ActiveCfg = Debug|Any CPU
		{7C9038A3-1272-4FDA-956A-0658E4D56292}.Debug|x86.Build.0 = Debug|Any CPU
		{7C9038A3-1272-4FDA-956A-0658E4D56292}.Release|Any CPU.ActiveCfg = Release|Any CPU
		{7C9038A3-1272-4FDA-956A-0658E4D56292}.Release|Any CPU.Build.0 = Release|Any CPU
		{7C9038A3-1272-4FDA-956A-0658E4D56292}.Release|ARM.ActiveCfg = Release|Any CPU
		{7C9038A3-1272-4FDA-956A-0658E4D56292}.Release|ARM.Build.0 = Release|Any CPU
		{7C9038A3-1272-4FDA-956A-0658E4D56292}.Release|ARM64.ActiveCfg = Release|Any CPU
		{7C9038A3-1272-4FDA-956A-0658E4D56292}.Release|ARM64.Build.0 = Release|Any CPU
		{7C9038A3-1272-4FDA-956A-0658E4D56292}.Release|x64.ActiveCfg = Release|Any CPU
		{7C9038A3-1272-4FDA-956A-0658E4D56292}.Release|x64.Build.0 = Release|Any CPU
		{7C9038A3-1272-4FDA-956A-0658E4D56292}.Release|x86.ActiveCfg = Release|Any CPU
		{7C9038A3-1272-4FDA-956A-0658E4D56292}.Release|x86.Build.0 = Release|Any CPU
		{6E53A1C7-8369-4A32-9998-A63C9CBFC43C}.Debug|Any CPU.ActiveCfg = Debug|Any CPU
		{6E53A1C7-8369-4A32-9998-A63C9CBFC43C}.Debug|Any CPU.Build.0 = Debug|Any CPU
		{6E53A1C7-8369-4A32-9998-A63C9CBFC43C}.Debug|ARM.ActiveCfg = Debug|Any CPU
		{6E53A1C7-8369-4A32-9998-A63C9CBFC43C}.Debug|ARM.Build.0 = Debug|Any CPU
		{6E53A1C7-8369-4A32-9998-A63C9CBFC43C}.Debug|ARM64.ActiveCfg = Debug|Any CPU
		{6E53A1C7-8369-4A32-9998-A63C9CBFC43C}.Debug|ARM64.Build.0 = Debug|Any CPU
		{6E53A1C7-8369-4A32-9998-A63C9CBFC43C}.Debug|x64.ActiveCfg = Debug|Any CPU
		{6E53A1C7-8369-4A32-9998-A63C9CBFC43C}.Debug|x64.Build.0 = Debug|Any CPU
		{6E53A1C7-8369-4A32-9998-A63C9CBFC43C}.Debug|x86.ActiveCfg = Debug|Any CPU
		{6E53A1C7-8369-4A32-9998-A63C9CBFC43C}.Debug|x86.Build.0 = Debug|Any CPU
		{6E53A1C7-8369-4A32-9998-A63C9CBFC43C}.Release|Any CPU.ActiveCfg = Release|Any CPU
		{6E53A1C7-8369-4A32-9998-A63C9CBFC43C}.Release|Any CPU.Build.0 = Release|Any CPU
		{6E53A1C7-8369-4A32-9998-A63C9CBFC43C}.Release|ARM.ActiveCfg = Release|Any CPU
		{6E53A1C7-8369-4A32-9998-A63C9CBFC43C}.Release|ARM.Build.0 = Release|Any CPU
		{6E53A1C7-8369-4A32-9998-A63C9CBFC43C}.Release|ARM64.ActiveCfg = Release|Any CPU
		{6E53A1C7-8369-4A32-9998-A63C9CBFC43C}.Release|ARM64.Build.0 = Release|Any CPU
		{6E53A1C7-8369-4A32-9998-A63C9CBFC43C}.Release|x64.ActiveCfg = Release|Any CPU
		{6E53A1C7-8369-4A32-9998-A63C9CBFC43C}.Release|x64.Build.0 = Release|Any CPU
		{6E53A1C7-8369-4A32-9998-A63C9CBFC43C}.Release|x86.ActiveCfg = Release|Any CPU
		{6E53A1C7-8369-4A32-9998-A63C9CBFC43C}.Release|x86.Build.0 = Release|Any CPU
		{8D8DFB26-1CF4-4AE0-9862-1A57ADC47F2F}.Debug|Any CPU.ActiveCfg = Debug|Any CPU
		{8D8DFB26-1CF4-4AE0-9862-1A57ADC47F2F}.Debug|Any CPU.Build.0 = Debug|Any CPU
		{8D8DFB26-1CF4-4AE0-9862-1A57ADC47F2F}.Debug|Any CPU.Deploy.0 = Debug|Any CPU
		{8D8DFB26-1CF4-4AE0-9862-1A57ADC47F2F}.Debug|ARM.ActiveCfg = Debug|Any CPU
		{8D8DFB26-1CF4-4AE0-9862-1A57ADC47F2F}.Debug|ARM.Build.0 = Debug|Any CPU
		{8D8DFB26-1CF4-4AE0-9862-1A57ADC47F2F}.Debug|ARM.Deploy.0 = Debug|Any CPU
		{8D8DFB26-1CF4-4AE0-9862-1A57ADC47F2F}.Debug|ARM64.ActiveCfg = Debug|Any CPU
		{8D8DFB26-1CF4-4AE0-9862-1A57ADC47F2F}.Debug|ARM64.Build.0 = Debug|Any CPU
		{8D8DFB26-1CF4-4AE0-9862-1A57ADC47F2F}.Debug|ARM64.Deploy.0 = Debug|Any CPU
		{8D8DFB26-1CF4-4AE0-9862-1A57ADC47F2F}.Debug|x64.ActiveCfg = Debug|Any CPU
		{8D8DFB26-1CF4-4AE0-9862-1A57ADC47F2F}.Debug|x64.Build.0 = Debug|Any CPU
		{8D8DFB26-1CF4-4AE0-9862-1A57ADC47F2F}.Debug|x64.Deploy.0 = Debug|Any CPU
		{8D8DFB26-1CF4-4AE0-9862-1A57ADC47F2F}.Debug|x86.ActiveCfg = Debug|Any CPU
		{8D8DFB26-1CF4-4AE0-9862-1A57ADC47F2F}.Debug|x86.Build.0 = Debug|Any CPU
		{8D8DFB26-1CF4-4AE0-9862-1A57ADC47F2F}.Debug|x86.Deploy.0 = Debug|Any CPU
		{8D8DFB26-1CF4-4AE0-9862-1A57ADC47F2F}.Release|Any CPU.ActiveCfg = Release|Any CPU
		{8D8DFB26-1CF4-4AE0-9862-1A57ADC47F2F}.Release|Any CPU.Build.0 = Release|Any CPU
		{8D8DFB26-1CF4-4AE0-9862-1A57ADC47F2F}.Release|Any CPU.Deploy.0 = Release|Any CPU
		{8D8DFB26-1CF4-4AE0-9862-1A57ADC47F2F}.Release|ARM.ActiveCfg = Release|Any CPU
		{8D8DFB26-1CF4-4AE0-9862-1A57ADC47F2F}.Release|ARM.Build.0 = Release|Any CPU
		{8D8DFB26-1CF4-4AE0-9862-1A57ADC47F2F}.Release|ARM.Deploy.0 = Release|Any CPU
		{8D8DFB26-1CF4-4AE0-9862-1A57ADC47F2F}.Release|ARM64.ActiveCfg = Release|Any CPU
		{8D8DFB26-1CF4-4AE0-9862-1A57ADC47F2F}.Release|ARM64.Build.0 = Release|Any CPU
		{8D8DFB26-1CF4-4AE0-9862-1A57ADC47F2F}.Release|ARM64.Deploy.0 = Release|Any CPU
		{8D8DFB26-1CF4-4AE0-9862-1A57ADC47F2F}.Release|x64.ActiveCfg = Release|Any CPU
		{8D8DFB26-1CF4-4AE0-9862-1A57ADC47F2F}.Release|x64.Build.0 = Release|Any CPU
		{8D8DFB26-1CF4-4AE0-9862-1A57ADC47F2F}.Release|x64.Deploy.0 = Release|Any CPU
		{8D8DFB26-1CF4-4AE0-9862-1A57ADC47F2F}.Release|x86.ActiveCfg = Release|Any CPU
		{8D8DFB26-1CF4-4AE0-9862-1A57ADC47F2F}.Release|x86.Build.0 = Release|Any CPU
		{8D8DFB26-1CF4-4AE0-9862-1A57ADC47F2F}.Release|x86.Deploy.0 = Release|Any CPU
	EndGlobalSection
	GlobalSection(SolutionProperties) = preSolution
		HideSolutionNode = FALSE
	EndGlobalSection
	GlobalSection(NestedProjects) = preSolution
		{F117B245-A6D6-4DDD-BA1D-FB2762B83C7B} = {F6C887D9-C748-4B92-A715-0519644F5BC3}
		{7787E64A-0A45-431B-8D3E-74ABB231E301} = {F6C887D9-C748-4B92-A715-0519644F5BC3}
		{37D78167-4A58-4785-80FC-900FA97684E0} = {F6C887D9-C748-4B92-A715-0519644F5BC3}
		{7C9038A3-1272-4FDA-956A-0658E4D56292} = {B0AA3C8A-F9E2-4742-9F86-F34D10136B49}
		{6E53A1C7-8369-4A32-9998-A63C9CBFC43C} = {B0AA3C8A-F9E2-4742-9F86-F34D10136B49}
		{8D8DFB26-1CF4-4AE0-9862-1A57ADC47F2F} = {B0AA3C8A-F9E2-4742-9F86-F34D10136B49}
	EndGlobalSection
	GlobalSection(ExtensibilityGlobals) = postSolution
		SolutionGuid = {D45F5D8C-EFB3-4DC8-AAF9-404E4B12D4F3}
	EndGlobalSection
EndGlobal
